{
  "requires": true,
  "lockfileVersion": 1,
  "dependencies": {
    "react-toggle-switch": {
      "version": "3.0.4",
      "resolved": "https://registry.npmjs.org/react-toggle-switch/-/react-toggle-switch-3.0.4.tgz",
      "integrity": "sha512-eM2Izl0qNrdFZlmRwpXPpUjaYVISHVy8dxCN9l6eRZ7KpmrDsIGInDpoSRU2QPs596+Al+udOArdXX5wCRg0Gg=="
    }
  }
}
